
Microsoft Visual Studio Solution File, Format Version 12.00
# Visual Studio Version 17
VisualStudioVersion = 17.7.34003.232
MinimumVisualStudioVersion = 10.0.40219.1
Project("{FAE04EC0-301F-11D3-BF4B-00C04F79EFBC}") = "CupofTEA", "CupofTEA.csproj", "{76FB44E1-699F-41EE-90F8-D91AD59894CA}"
EndProject
Global
	GlobalSection(SolutionConfigurationPlatforms) = preSolution
		Debug|Any CPU = Debug|Any CPU
		Release|Any CPU = Release|Any CPU
	EndGlobalSection
	GlobalSection(ProjectConfigurationPlatforms) = postSolution
		{76FB44E1-699F-41EE-90F8-D91AD59894CA}.Debug|Any CPU.ActiveCfg = Debug|Any CPU
		{76FB44E1-699F-41EE-90F8-D91AD59894CA}.Debug|Any CPU.Build.0 = Debug|Any CPU
		{76FB44E1-699F-41EE-90F8-D91AD59894CA}.Release|Any CPU.ActiveCfg = Release|Any CPU
		{76FB44E1-699F-41EE-90F8-D91AD59894CA}.Release|Any CPU.Build.0 = Release|Any CPU
	EndGlobalSection
	GlobalSection(SolutionProperties) = preSolution
		HideSolutionNode = FALSE
	EndGlobalSection
	GlobalSection(ExtensibilityGlobals) = postSolution
		SolutionGuid = {460FF54A-9C7B-42F1-8664-67264FEAC86D}
	EndGlobalSection
EndGlobal
